
Microsoft Visual Studio Solution File, Format Version 12.00
# Visual Studio Version 16
VisualStudioVersion = 16.0.29728.190
MinimumVisualStudioVersion = 10.0.40219.1
Project("{FAE04EC0-301F-11D3-BF4B-00C04F79EFBC}") = "Zjazd3__P4", "Zjazd3__P4\Zjazd3__P4.csproj", "{0F0BC814-BF56-490B-8C84-809172754BED}"
EndProject
Global
	GlobalSection(SolutionConfigurationPlatforms) = preSolution
		Debug|Any CPU = Debug|Any CPU
		Release|Any CPU = Release|Any CPU
	EndGlobalSection
	GlobalSection(ProjectConfigurationPlatforms) = postSolution
		{0F0BC814-BF56-490B-8C84-809172754BED}.Debug|Any CPU.ActiveCfg = Debug|Any CPU
		{0F0BC814-BF56-490B-8C84-809172754BED}.Debug|Any CPU.Build.0 = Debug|Any CPU
		{0F0BC814-BF56-490B-8C84-809172754BED}.Release|Any CPU.ActiveCfg = Release|Any CPU
		{0F0BC814-BF56-490B-8C84-809172754BED}.Release|Any CPU.Build.0 = Release|Any CPU
	EndGlobalSection
	GlobalSection(SolutionProperties) = preSolution
		HideSolutionNode = FALSE
	EndGlobalSection
	GlobalSection(ExtensibilityGlobals) = postSolution
		SolutionGuid = {B02A8FA3-BE18-4024-BECE-F4AE4AC4D2D8}
	EndGlobalSection
EndGlobal
